
Microsoft Visual Studio Solution File, Format Version 12.00
# Visual Studio 15
VisualStudioVersion = 15.0.26124.0
MinimumVisualStudioVersion = 15.0.26124.0
Project("{FAE04EC0-301F-11D3-BF4B-00C04F79EFBC}") = "GRUI", "GRUI\GRUI.csproj", "{A27764BC-CF50-4828-AC1B-65D7B3944096}"
EndProject
Project("{FAE04EC0-301F-11D3-BF4B-00C04F79EFBC}") = "GRModels", "GRModels\GRModels.csproj", "{EF823085-E490-4BE6-9052-37D93F77B8D9}"
EndProject
Global
	GlobalSection(SolutionConfigurationPlatforms) = preSolution
		Debug|Any CPU = Debug|Any CPU
		Debug|x64 = Debug|x64
		Debug|x86 = Debug|x86
		Release|Any CPU = Release|Any CPU
		Release|x64 = Release|x64
		Release|x86 = Release|x86
	EndGlobalSection
	GlobalSection(SolutionProperties) = preSolution
		HideSolutionNode = FALSE
	EndGlobalSection
	GlobalSection(ProjectConfigurationPlatforms) = postSolution
		{A27764BC-CF50-4828-AC1B-65D7B3944096}.Debug|Any CPU.ActiveCfg = Debug|Any CPU
		{A27764BC-CF50-4828-AC1B-65D7B3944096}.Debug|Any CPU.Build.0 = Debug|Any CPU
		{A27764BC-CF50-4828-AC1B-65D7B3944096}.Debug|x64.ActiveCfg = Debug|Any CPU
		{A27764BC-CF50-4828-AC1B-65D7B3944096}.Debug|x64.Build.0 = Debug|Any CPU
		{A27764BC-CF50-4828-AC1B-65D7B3944096}.Debug|x86.ActiveCfg = Debug|Any CPU
		{A27764BC-CF50-4828-AC1B-65D7B3944096}.Debug|x86.Build.0 = Debug|Any CPU
		{A27764BC-CF50-4828-AC1B-65D7B3944096}.Release|Any CPU.ActiveCfg = Release|Any CPU
		{A27764BC-CF50-4828-AC1B-65D7B3944096}.Release|Any CPU.Build.0 = Release|Any CPU
		{A27764BC-CF50-4828-AC1B-65D7B3944096}.Release|x64.ActiveCfg = Release|Any CPU
		{A27764BC-CF50-4828-AC1B-65D7B3944096}.Release|x64.Build.0 = Release|Any CPU
		{A27764BC-CF50-4828-AC1B-65D7B3944096}.Release|x86.ActiveCfg = Release|Any CPU
		{A27764BC-CF50-4828-AC1B-65D7B3944096}.Release|x86.Build.0 = Release|Any CPU
		{EF823085-E490-4BE6-9052-37D93F77B8D9}.Debug|Any CPU.ActiveCfg = Debug|Any CPU
		{EF823085-E490-4BE6-9052-37D93F77B8D9}.Debug|Any CPU.Build.0 = Debug|Any CPU
		{EF823085-E490-4BE6-9052-37D93F77B8D9}.Debug|x64.ActiveCfg = Debug|Any CPU
		{EF823085-E490-4BE6-9052-37D93F77B8D9}.Debug|x64.Build.0 = Debug|Any CPU
		{EF823085-E490-4BE6-9052-37D93F77B8D9}.Debug|x86.ActiveCfg = Debug|Any CPU
		{EF823085-E490-4BE6-9052-37D93F77B8D9}.Debug|x86.Build.0 = Debug|Any CPU
		{EF823085-E490-4BE6-9052-37D93F77B8D9}.Release|Any CPU.ActiveCfg = Release|Any CPU
		{EF823085-E490-4BE6-9052-37D93F77B8D9}.Release|Any CPU.Build.0 = Release|Any CPU
		{EF823085-E490-4BE6-9052-37D93F77B8D9}.Release|x64.ActiveCfg = Release|Any CPU
		{EF823085-E490-4BE6-9052-37D93F77B8D9}.Release|x64.Build.0 = Release|Any CPU
		{EF823085-E490-4BE6-9052-37D93F77B8D9}.Release|x86.ActiveCfg = Release|Any CPU
		{EF823085-E490-4BE6-9052-37D93F77B8D9}.Release|x86.Build.0 = Release|Any CPU
	EndGlobalSection
EndGlobal
